
Microsoft Visual Studio Solution File, Format Version 12.00
# Visual Studio Version 16
VisualStudioVersion = 16.0.30413.136
MinimumVisualStudioVersion = 10.0.40219.1
Project("{FAE04EC0-301F-11D3-BF4B-00C04F79EFBC}") = "Практика6.Вариант 3", "Практика6.Вариант 3.csproj", "{FFA16585-1FE4-4497-ACE8-97CC2AC5CA0A}"
EndProject
Global
	GlobalSection(SolutionConfigurationPlatforms) = preSolution
		Debug|Any CPU = Debug|Any CPU
		Release|Any CPU = Release|Any CPU
	EndGlobalSection
	GlobalSection(ProjectConfigurationPlatforms) = postSolution
		{FFA16585-1FE4-4497-ACE8-97CC2AC5CA0A}.Debug|Any CPU.ActiveCfg = Debug|Any CPU
		{FFA16585-1FE4-4497-ACE8-97CC2AC5CA0A}.Debug|Any CPU.Build.0 = Debug|Any CPU
		{FFA16585-1FE4-4497-ACE8-97CC2AC5CA0A}.Release|Any CPU.ActiveCfg = Release|Any CPU
		{FFA16585-1FE4-4497-ACE8-97CC2AC5CA0A}.Release|Any CPU.Build.0 = Release|Any CPU
	EndGlobalSection
	GlobalSection(SolutionProperties) = preSolution
		HideSolutionNode = FALSE
	EndGlobalSection
	GlobalSection(ExtensibilityGlobals) = postSolution
		SolutionGuid = {6E07B686-4116-4A47-B19E-6467AABDE731}
	EndGlobalSection
EndGlobal
